
Microsoft Visual Studio Solution File, Format Version 12.00
# Visual Studio Version 17
VisualStudioVersion = 17.2.32616.157
MinimumVisualStudioVersion = 10.0.40219.1
Project("{FAE04EC0-301F-11D3-BF4B-00C04F79EFBC}") = "Trab2Supervisorios", "Trab2Supervisorios\Trab2Supervisorios.csproj", "{5623F319-06AA-4312-B0FE-6CA97BD65875}"
EndProject
Global
	GlobalSection(SolutionConfigurationPlatforms) = preSolution
		Debug|Any CPU = Debug|Any CPU
		Release|Any CPU = Release|Any CPU
	EndGlobalSection
	GlobalSection(ProjectConfigurationPlatforms) = postSolution
		{5623F319-06AA-4312-B0FE-6CA97BD65875}.Debug|Any CPU.ActiveCfg = Debug|Any CPU
		{5623F319-06AA-4312-B0FE-6CA97BD65875}.Debug|Any CPU.Build.0 = Debug|Any CPU
		{5623F319-06AA-4312-B0FE-6CA97BD65875}.Release|Any CPU.ActiveCfg = Release|Any CPU
		{5623F319-06AA-4312-B0FE-6CA97BD65875}.Release|Any CPU.Build.0 = Release|Any CPU
	EndGlobalSection
	GlobalSection(SolutionProperties) = preSolution
		HideSolutionNode = FALSE
	EndGlobalSection
	GlobalSection(ExtensibilityGlobals) = postSolution
		SolutionGuid = {ABD13B17-BDFD-4BE3-AF8B-C162DBEBBAA9}
	EndGlobalSection
EndGlobal
